// !$*UTF8*$!
{
	archiveVersion = 1;
	classes = {
	};
	objectVersion = 50;
	objects = {

/* Begin PBXBuildFile section */
		2F60F65D25B6019C005796CE /* AppDelegate.swift in Sources */ = {isa = PBXBuildFile; fileRef = 2F60F65C25B6019C005796CE /* AppDelegate.swift */; };
		2F60F65F25B6019C005796CE /* SceneDelegate.swift in Sources */ = {isa = PBXBuildFile; fileRef = 2F60F65E25B6019C005796CE /* SceneDelegate.swift */; };
		2F60F66125B6019C005796CE /* ViewController.swift in Sources */ = {isa = PBXBuildFile; fileRef = 2F60F66025B6019C005796CE /* ViewController.swift */; };
		2F60F66425B6019C005796CE /* Main.storyboard in Resources */ = {isa = PBXBuildFile; fileRef = 2F60F66225B6019C005796CE /* Main.storyboard */; };
		2F60F66625B6019D005796CE /* Assets.xcassets in Resources */ = {isa = PBXBuildFile; fileRef = 2F60F66525B6019D005796CE /* Assets.xcassets */; };
		2F60F66925B6019D005796CE /* LaunchScreen.storyboard in Resources */ = {isa = PBXBuildFile; fileRef = 2F60F66725B6019D005796CE /* LaunchScreen.storyboard */; };
		2F60F67425B6019E005796CE /* FirebaseAppTests.swift in Sources */ = {isa = PBXBuildFile; fileRef = 2F60F67325B6019E005796CE /* FirebaseAppTests.swift */; };
		2F60F67F25B6019E005796CE /* FirebaseAppUITests.swift in Sources */ = {isa = PBXBuildFile; fileRef = 2F60F67E25B6019E005796CE /* FirebaseAppUITests.swift */; };
/* End PBXBuildFile section */

/* Begin PBXContainerItemProxy section */
		2F60F67025B6019E005796CE /* PBXContainerItemProxy */ = {
			isa = PBXContainerItemProxy;
			containerPortal = 2F60F65125B6019C005796CE /* Project object */;
			proxyType = 1;
			remoteGlobalIDString = 2F60F65825B6019C005796CE;
			remoteInfo = FirebaseApp;
		};
		2F60F67B25B6019E005796CE /* PBXContainerItemProxy */ = {
			isa = PBXContainerItemProxy;
			containerPortal = 2F60F65125B6019C005796CE /* Project object */;
			proxyType = 1;
			remoteGlobalIDString = 2F60F65825B6019C005796CE;
			remoteInfo = FirebaseApp;
		};
/* End PBXContainerItemProxy section */

/* Begin PBXFileReference section */
		2F60F65925B6019C005796CE /* FirebaseApp.app */ = {isa = PBXFileReference; explicitFileType = wrapper.application; includeInIndex = 0; path = FirebaseApp.app; sourceTree = BUILT_PRODUCTS_DIR; };
		2F60F65C25B6019C005796CE /* AppDelegate.swift */ = {isa = PBXFileReference; lastKnownFileType = sourcecode.swift; path = AppDelegate.swift; sourceTree = "<group>"; };
		2F60F65E25B6019C005796CE /* SceneDelegate.swift */ = {isa = PBXFileReference; lastKnownFileType = sourcecode.swift; path = SceneDelegate.swift; sourceTree = "<group>"; };
		2F60F66025B6019C005796CE /* ViewController.swift */ = {isa = PBXFileReference; lastKnownFileType = sourcecode.swift; path = ViewController.swift; sourceTree = "<group>"; };
		2F60F66325B6019C005796CE /* Base */ = {isa = PBXFileReference; lastKnownFileType = file.storyboard; name = Base; path = Base.lproj/Main.storyboard; sourceTree = "<group>"; };
		2F60F66525B6019D005796CE /* Assets.xcassets */ = {isa = PBXFileReference; lastKnownFileType = folder.assetcatalog; path = Assets.xcassets; sourceTree = "<group>"; };
		2F60F66825B6019D005796CE /* Base */ = {isa = PBXFileReference; lastKnownFileType = file.storyboard; name = Base; path = Base.lproj/LaunchScreen.storyboard; sourceTree = "<group>"; };
		2F60F66A25B6019E005796CE /* Info.plist */ = {isa = PBXFileReference; lastKnownFileType = text.plist.xml; path = Info.plist; sourceTree = "<group>"; };
		2F60F66F25B6019E005796CE /* FirebaseAppTests.xctest */ = {isa = PBXFileReference; explicitFileType = wrapper.cfbundle; includeInIndex = 0; path = FirebaseAppTests.xctest; sourceTree = BUILT_PRODUCTS_DIR; };
		2F60F67325B6019E005796CE /* FirebaseAppTests.swift */ = {isa = PBXFileReference; lastKnownFileType = sourcecode.swift; path = FirebaseAppTests.swift; sourceTree = "<group>"; };
		2F60F67525B6019E005796CE /* Info.plist */ = {isa = PBXFileReference; lastKnownFileType = text.plist.xml; path = Info.plist; sourceTree = "<group>"; };
		2F60F67A25B6019E005796CE /* FirebaseAppUITests.xctest */ = {isa = PBXFileReference; explicitFileType = wrapper.cfbundle; includeInIndex = 0; path = FirebaseAppUITests.xctest; sourceTree = BUILT_PRODUCTS_DIR; };
		2F60F67E25B6019E005796CE /* FirebaseAppUITests.swift */ = {isa = PBXFileReference; lastKnownFileType = sourcecode.swift; path = FirebaseAppUITests.swift; sourceTree = "<group>"; };
		2F60F68025B6019E005796CE /* Info.plist */ = {isa = PBXFileReference; lastKnownFileType = text.plist.xml; path = Info.plist; sourceTree = "<group>"; };
/* End PBXFileReference section */

/* Begin PBXFrameworksBuildPhase section */
		2F60F65625B6019C005796CE /* Frameworks */ = {
			isa = PBXFrameworksBuildPhase;
			buildActionMask = 2147483647;
			files = (
			);
			runOnlyForDeploymentPostprocessing = 0;
		};
		2F60F66C25B6019E005796CE /* Frameworks */ = {
			isa = PBXFrameworksBuildPhase;
			buildActionMask = 2147483647;
			files = (
			);
			runOnlyForDeploymentPostprocessing = 0;
		};
		2F60F67725B6019E005796CE /* Frameworks */ = {
			isa = PBXFrameworksBuildPhase;
			buildActionMask = 2147483647;
			files = (
			);
			runOnlyForDeploymentPostprocessing = 0;
		};
/* End PBXFrameworksBuildPhase section */

/* Begin PBXGroup section */
		2F60F65025B6019C005796CE = {
			isa = PBXGroup;
			children = (
				2F60F65B25B6019C005796CE /* FirebaseApp */,
				2F60F67225B6019E005796CE /* FirebaseAppTests */,
				2F60F67D25B6019E005796CE /* FirebaseAppUITests */,
				2F60F65A25B6019C005796CE /* Products */,
			);
			sourceTree = "<group>";
		};
		2F60F65A25B6019C005796CE /* Products */ = {
			isa = PBXGroup;
			children = (
				2F60F65925B6019C005796CE /* FirebaseApp.app */,
				2F60F66F25B6019E005796CE /* FirebaseAppTests.xctest */,
				2F60F67A25B6019E005796CE /* FirebaseAppUITests.xctest */,
			);
			name = Products;
			sourceTree = "<group>";
		};
		2F60F65B25B6019C005796CE /* FirebaseApp */ = {
			isa = PBXGroup;
			children = (
				2F60F65C25B6019C005796CE /* AppDelegate.swift */,
				2F60F65E25B6019C005796CE /* SceneDelegate.swift */,
				2F60F66025B6019C005796CE /* ViewController.swift */,
				2F60F66225B6019C005796CE /* Main.storyboard */,
				2F60F66525B6019D005796CE /* Assets.xcassets */,
				2F60F66725B6019D005796CE /* LaunchScreen.storyboard */,
				2F60F66A25B6019E005796CE /* Info.plist */,
			);
			path = FirebaseApp;
			sourceTree = "<group>";
		};
		2F60F67225B6019E005796CE /* FirebaseAppTests */ = {
			isa = PBXGroup;
			children = (
				2F60F67325B6019E005796CE /* FirebaseAppTests.swift */,
				2F60F67525B6019E005796CE /* Info.plist */,
			);
			path = FirebaseAppTests;
			sourceTree = "<group>";
		};
		2F60F67D25B6019E005796CE /* FirebaseAppUITests */ = {
			isa = PBXGroup;
			children = (
				2F60F67E25B6019E005796CE /* FirebaseAppUITests.swift */,
				2F60F68025B6019E005796CE /* Info.plist */,
			);
			path = FirebaseAppUITests;
			sourceTree = "<group>";
		};
/* End PBXGroup section */

/* Begin PBXNativeTarget section */
		2F60F65825B6019C005796CE /* FirebaseApp */ = {
			isa = PBXNativeTarget;
			buildConfigurationList = 2F60F68325B6019E005796CE /* Build configuration list for PBXNativeTarget "FirebaseApp" */;
			buildPhases = (
				2F60F65525B6019C005796CE /* Sources */,
				2F60F65625B6019C005796CE /* Frameworks */,
				2F60F65725B6019C005796CE /* Resources */,
			);
			buildRules = (
			);
			dependencies = (
			);
			name = FirebaseApp;
			productName = FirebaseApp;
			productReference = 2F60F65925B6019C005796CE /* FirebaseApp.app */;
			productType = "com.apple.product-type.application";
		};
		2F60F66E25B6019E005796CE /* FirebaseAppTests */ = {
			isa = PBXNativeTarget;
			buildConfigurationList = 2F60F68625B6019E005796CE /* Build configuration list for PBXNativeTarget "FirebaseAppTests" */;
			buildPhases = (
				2F60F66B25B6019E005796CE /* Sources */,
				2F60F66C25B6019E005796CE /* Frameworks */,
				2F60F66D25B6019E005796CE /* Resources */,
			);
			buildRules = (
			);
			dependencies = (
				2F60F67125B6019E005796CE /* PBXTargetDependency */,
			);
			name = FirebaseAppTests;
			productName = FirebaseAppTests;
			productReference = 2F60F66F25B6019E005796CE /* FirebaseAppTests.xctest */;
			productType = "com.apple.product-type.bundle.unit-test";
		};
		2F60F67925B6019E005796CE /* FirebaseAppUITests */ = {
			isa = PBXNativeTarget;
			buildConfigurationList = 2F60F68925B6019E005796CE /* Build configuration list for PBXNativeTarget "FirebaseAppUITests" */;
			buildPhases = (
				2F60F67625B6019E005796CE /* Sources */,
				2F60F67725B6019E005796CE /* Frameworks */,
				2F60F67825B6019E005796CE /* Resources */,
			);
			buildRules = (
			);
			dependencies = (
				2F60F67C25B6019E005796CE /* PBXTargetDependency */,
			);
			name = FirebaseAppUITests;
			productName = FirebaseAppUITests;
			productReference = 2F60F67A25B6019E005796CE /* FirebaseAppUITests.xctest */;
			productType = "com.apple.product-type.bundle.ui-testing";
		};
/* End PBXNativeTarget section */

/* Begin PBXProject section */
		2F60F65125B6019C005796CE /* Project object */ = {
			isa = PBXProject;
			attributes = {
				LastSwiftUpdateCheck = 1230;
				LastUpgradeCheck = 1230;
				TargetAttributes = {
					2F60F65825B6019C005796CE = {
						CreatedOnToolsVersion = 12.3;
					};
					2F60F66E25B6019E005796CE = {
						CreatedOnToolsVersion = 12.3;
						TestTargetID = 2F60F65825B6019C005796CE;
					};
					2F60F67925B6019E005796CE = {
						CreatedOnToolsVersion = 12.3;
						TestTargetID = 2F60F65825B6019C005796CE;
					};
				};
			};
			buildConfigurationList = 2F60F65425B6019C005796CE /* Build configuration list for PBXProject "FirebaseApp" */;
			compatibilityVersion = "Xcode 9.3";
			developmentRegion = en;
			hasScannedForEncodings = 0;
			knownRegions = (
				en,
				Base,
			);
			mainGroup = 2F60F65025B6019C005796CE;
			productRefGroup = 2F60F65A25B6019C005796CE /* Products */;
			projectDirPath = "";
			projectRoot = "";
			targets = (
				2F60F65825B6019C005796CE /* FirebaseApp */,
				2F60F66E25B6019E005796CE /* FirebaseAppTests */,
				2F60F67925B6019E005796CE /* FirebaseAppUITests */,
			);
		};
/* End PBXProject section */

/* Begin PBXResourcesBuildPhase section */
		2F60F65725B6019C005796CE /* Resources */ = {
			isa = PBXResourcesBuildPhase;
			buildActionMask = 2147483647;
			files = (
				2F60F66925B6019D005796CE /* LaunchScreen.storyboard in Resources */,
				2F60F66625B6019D005796CE /* Assets.xcassets in Resources */,
				2F60F66425B6019C005796CE /* Main.storyboard in Resources */,
			);
			runOnlyForDeploymentPostprocessing = 0;
		};
		2F60F66D25B6019E005796CE /* Resources */ = {
			isa = PBXResourcesBuildPhase;
			buildActionMask = 2147483647;
			files = (
			);
			runOnlyForDeploymentPostprocessing = 0;
		};
		2F60F67825B6019E005796CE /* Resources */ = {
			isa = PBXResourcesBuildPhase;
			buildActionMask = 2147483647;
			files = (
			);
			runOnlyForDeploymentPostprocessing = 0;
		};
/* End PBXResourcesBuildPhase section */

/* Begin PBXSourcesBuildPhase section */
		2F60F65525B6019C005796CE /* Sources */ = {
			isa = PBXSourcesBuildPhase;
			buildActionMask = 2147483647;
			files = (
				2F60F66125B6019C005796CE /* ViewController.swift in Sources */,
				2F60F65D25B6019C005796CE /* AppDelegate.swift in Sources */,
				2F60F65F25B6019C005796CE /* SceneDelegate.swift in Sources */,
			);
			runOnlyForDeploymentPostprocessing = 0;
		};
		2F60F66B25B6019E005796CE /* Sources */ = {
			isa = PBXSourcesBuildPhase;
			buildActionMask = 2147483647;
			files = (
				2F60F67425B6019E005796CE /* FirebaseAppTests.swift in Sources */,
			);
			runOnlyForDeploymentPostprocessing = 0;
		};
		2F60F67625B6019E005796CE /* Sources */ = {
			isa = PBXSourcesBuildPhase;
			buildActionMask = 2147483647;
			files = (
				2F60F67F25B6019E005796CE /* FirebaseAppUITests.swift in Sources */,
			);
			runOnlyForDeploymentPostprocessing = 0;
		};
/* End PBXSourcesBuildPhase section */

/* Begin PBXTargetDependency section */
		2F60F67125B6019E005796CE /* PBXTargetDependency */ = {
			isa = PBXTargetDependency;
			target = 2F60F65825B6019C005796CE /* FirebaseApp */;
			targetProxy = 2F60F67025B6019E005796CE /* PBXContainerItemProxy */;
		};
		2F60F67C25B6019E005796CE /* PBXTargetDependency */ = {
			isa = PBXTargetDependency;
			target = 2F60F65825B6019C005796CE /* FirebaseApp */;
			targetProxy = 2F60F67B25B6019E005796CE /* PBXContainerItemProxy */;
		};
/* End PBXTargetDependency section */

/* Begin PBXVariantGroup section */
		2F60F66225B6019C005796CE /* Main.storyboard */ = {
			isa = PBXVariantGroup;
			children = (
				2F60F66325B6019C005796CE /* Base */,
			);
			name = Main.storyboard;
			sourceTree = "<group>";
		};
		2F60F66725B6019D005796CE /* LaunchScreen.storyboard */ = {
			isa = PBXVariantGroup;
			children = (
				2F60F66825B6019D005796CE /* Base */,
			);
			name = LaunchScreen.storyboard;
			sourceTree = "<group>";
		};
/* End PBXVariantGroup section */

/* Begin XCBuildConfiguration section */
		2F60F68125B6019E005796CE /* Debug */ = {
			isa = XCBuildConfiguration;
			buildSettings = {
				ALWAYS_SEARCH_USER_PATHS = NO;
				CLANG_ANALYZER_NONNULL = YES;
				CLANG_ANALYZER_NUMBER_OBJECT_CONVERSION = YES_AGGRESSIVE;
				CLANG_CXX_LANGUAGE_STANDARD = "gnu++14";
				CLANG_CXX_LIBRARY = "libc++";
				CLANG_ENABLE_MODULES = YES;
				CLANG_ENABLE_OBJC_ARC = YES;
				CLANG_ENABLE_OBJC_WEAK = YES;
				CLANG_WARN_BLOCK_CAPTURE_AUTORELEASING = YES;
				CLANG_WARN_BOOL_CONVERSION = YES;
				CLANG_WARN_COMMA = YES;
				CLANG_WARN_CONSTANT_CONVERSION = YES;
				CLANG_WARN_DEPRECATED_OBJC_IMPLEMENTATIONS = YES;
				CLANG_WARN_DIRECT_OBJC_ISA_USAGE = YES_ERROR;
				CLANG_WARN_DOCUMENTATION_COMMENTS = YES;
				CLANG_WARN_EMPTY_BODY = YES;
				CLANG_WARN_ENUM_CONVERSION = YES;
				CLANG_WARN_INFINITE_RECURSION = YES;
				CLANG_WARN_INT_CONVERSION = YES;
				CLANG_WARN_NON_LITERAL_NULL_CONVERSION = YES;
				CLANG_WARN_OBJC_IMPLICIT_RETAIN_SELF = YES;
				CLANG_WARN_OBJC_LITERAL_CONVERSION = YES;
				CLANG_WARN_OBJC_ROOT_CLASS = YES_ERROR;
				CLANG_WARN_QUOTED_INCLUDE_IN_FRAMEWORK_HEADER = YES;
				CLANG_WARN_RANGE_LOOP_ANALYSIS = YES;
				CLANG_WARN_STRICT_PROTOTYPES = YES;
				CLANG_WARN_SUSPICIOUS_MOVE = YES;
				CLANG_WARN_UNGUARDED_AVAILABILITY = YES_AGGRESSIVE;
				CLANG_WARN_UNREACHABLE_CODE = YES;
				CLANG_WARN__DUPLICATE_METHOD_MATCH = YES;
				COPY_PHASE_STRIP = NO;
				DEBUG_INFORMATION_FORMAT = dwarf;
				ENABLE_STRICT_OBJC_MSGSEND = YES;
				ENABLE_TESTABILITY = YES;
				GCC_C_LANGUAGE_STANDARD = gnu11;
				GCC_DYNAMIC_NO_PIC = NO;
				GCC_NO_COMMON_BLOCKS = YES;
				GCC_OPTIMIZATION_LEVEL = 0;
				GCC_PREPROCESSOR_DEFINITIONS = (
					"DEBUG=1",
					"$(inherited)",
				);
				GCC_WARN_64_TO_32_BIT_CONVERSION = YES;
				GCC_WARN_ABOUT_RETURN_TYPE = YES_ERROR;
				GCC_WARN_UNDECLARED_SELECTOR = YES;
				GCC_WARN_UNINITIALIZED_AUTOS = YES_AGGRESSIVE;
				GCC_WARN_UNUSED_FUNCTION = YES;
				GCC_WARN_UNUSED_VARIABLE = YES;
				IPHONEOS_DEPLOYMENT_TARGET = 14.3;
				MTL_ENABLE_DEBUG_INFO = INCLUDE_SOURCE;
				MTL_FAST_MATH = YES;
				ONLY_ACTIVE_ARCH = YES;
				SDKROOT = iphoneos;
				SWIFT_ACTIVE_COMPILATION_CONDITIONS = DEBUG;
				SWIFT_OPTIMIZATION_LEVEL = "-Onone";
			};
			name = Debug;
		};
		2F60F68225B6019E005796CE /* Release */ = {
			isa = XCBuildConfiguration;
			buildSettings = {
				ALWAYS_SEARCH_USER_PATHS = NO;
				CLANG_ANALYZER_NONNULL = YES;
				CLANG_ANALYZER_NUMBER_OBJECT_CONVERSION = YES_AGGRESSIVE;
				CLANG_CXX_LANGUAGE_STANDARD = "gnu++14";
				CLANG_CXX_LIBRARY = "libc++";
				CLANG_ENABLE_MODULES = YES;
				CLANG_ENABLE_OBJC_ARC = YES;
				CLANG_ENABLE_OBJC_WEAK = YES;
				CLANG_WARN_BLOCK_CAPTURE_AUTORELEASING = YES;
				CLANG_WARN_BOOL_CONVERSION = YES;
				CLANG_WARN_COMMA = YES;
				CLANG_WARN_CONSTANT_CONVERSION = YES;
				CLANG_WARN_DEPRECATED_OBJC_IMPLEMENTATIONS = YES;
				CLANG_WARN_DIRECT_OBJC_ISA_USAGE = YES_ERROR;
				CLANG_WARN_DOCUMENTATION_COMMENTS = YES;
				CLANG_WARN_EMPTY_BODY = YES;
				CLANG_WARN_ENUM_CONVERSION = YES;
				CLANG_WARN_INFINITE_RECURSION = YES;
				CLANG_WARN_INT_CONVERSION = YES;
				CLANG_WARN_NON_LITERAL_NULL_CONVERSION = YES;
				CLANG_WARN_OBJC_IMPLICIT_RETAIN_SELF = YES;
				CLANG_WARN_OBJC_LITERAL_CONVERSION = YES;
				CLANG_WARN_OBJC_ROOT_CLASS = YES_ERROR;
				CLANG_WARN_QUOTED_INCLUDE_IN_FRAMEWORK_HEADER = YES;
				CLANG_WARN_RANGE_LOOP_ANALYSIS = YES;
				CLANG_WARN_STRICT_PROTOTYPES = YES;
				CLANG_WARN_SUSPICIOUS_MOVE = YES;
				CLANG_WARN_UNGUARDED_AVAILABILITY = YES_AGGRESSIVE;
				CLANG_WARN_UNREACHABLE_CODE = YES;
				CLANG_WARN__DUPLICATE_METHOD_MATCH = YES;
				COPY_PHASE_STRIP = NO;
				DEBUG_INFORMATION_FORMAT = "dwarf-with-dsym";
				ENABLE_NS_ASSERTIONS = NO;
				ENABLE_STRICT_OBJC_MSGSEND = YES;
				GCC_C_LANGUAGE_STANDARD = gnu11;
				GCC_NO_COMMON_BLOCKS = YES;
				GCC_WARN_64_TO_32_BIT_CONVERSION = YES;
				GCC_WARN_ABOUT_RETURN_TYPE = YES_ERROR;
				GCC_WARN_UNDECLARED_SELECTOR = YES;
				GCC_WARN_UNINITIALIZED_AUTOS = YES_AGGRESSIVE;
				GCC_WARN_UNUSED_FUNCTION = YES;
				GCC_WARN_UNUSED_VARIABLE = YES;
				IPHONEOS_DEPLOYMENT_TARGET = 14.3;
				MTL_ENABLE_DEBUG_INFO = NO;
				MTL_FAST_MATH = YES;
				SDKROOT = iphoneos;
				SWIFT_COMPILATION_MODE = wholemodule;
				SWIFT_OPTIMIZATION_LEVEL = "-O";
				VALIDATE_PRODUCT = YES;
			};
			name = Release;
		};
		2F60F68425B6019E005796CE /* Debug */ = {
			isa = XCBuildConfiguration;
			buildSettings = {
				ASSETCATALOG_COMPILER_APPICON_NAME = AppIcon;
				ASSETCATALOG_COMPILER_GLOBAL_ACCENT_COLOR_NAME = AccentColor;
				CODE_SIGN_STYLE = Automatic;
				INFOPLIST_FILE = FirebaseApp/Info.plist;
				LD_RUNPATH_SEARCH_PATHS = (
					"$(inherited)",
					"@executable_path/Frameworks",
				);
				PRODUCT_BUNDLE_IDENTIFIER = com.dePrada.FirebaseApp;
				PRODUCT_NAME = "$(TARGET_NAME)";
				SWIFT_VERSION = 5.0;
				TARGETED_DEVICE_FAMILY = "1,2";
			};
			name = Debug;
		};
		2F60F68525B6019E005796CE /* Release */ = {
			isa = XCBuildConfiguration;
			buildSettings = {
				ASSETCATALOG_COMPILER_APPICON_NAME = AppIcon;
				ASSETCATALOG_COMPILER_GLOBAL_ACCENT_COLOR_NAME = AccentColor;
				CODE_SIGN_STYLE = Automatic;
				INFOPLIST_FILE = FirebaseApp/Info.plist;
				LD_RUNPATH_SEARCH_PATHS = (
					"$(inherited)",
					"@executable_path/Frameworks",
				);
				PRODUCT_BUNDLE_IDENTIFIER = com.dePrada.FirebaseApp;
				PRODUCT_NAME = "$(TARGET_NAME)";
				SWIFT_VERSION = 5.0;
				TARGETED_DEVICE_FAMILY = "1,2";
			};
			name = Release;
		};
		2F60F68725B6019E005796CE /* Debug */ = {
			isa = XCBuildConfiguration;
			buildSettings = {
				ALWAYS_EMBED_SWIFT_STANDARD_LIBRARIES = YES;
				BUNDLE_LOADER = "$(TEST_HOST)";
				CODE_SIGN_STYLE = Automatic;
				INFOPLIST_FILE = FirebaseAppTests/Info.plist;
				IPHONEOS_DEPLOYMENT_TARGET = 14.3;
				LD_RUNPATH_SEARCH_PATHS = (
					"$(inherited)",
					"@executable_path/Frameworks",
					"@loader_path/Frameworks",
				);
				PRODUCT_BUNDLE_IDENTIFIER = com.dePrada.FirebaseAppTests;
				PRODUCT_NAME = "$(TARGET_NAME)";
				SWIFT_VERSION = 5.0;
				TARGETED_DEVICE_FAMILY = "1,2";
				TEST_HOST = "$(BUILT_PRODUCTS_DIR)/FirebaseApp.app/FirebaseApp";
			};
			name = Debug;
		};
		2F60F68825B6019E005796CE /* Release */ = {
			isa = XCBuildConfiguration;
			buildSettings = {
				ALWAYS_EMBED_SWIFT_STANDARD_LIBRARIES = YES;
				BUNDLE_LOADER = "$(TEST_HOST)";
				CODE_SIGN_STYLE = Automatic;
				INFOPLIST_FILE = FirebaseAppTests/Info.plist;
				IPHONEOS_DEPLOYMENT_TARGET = 14.3;
				LD_RUNPATH_SEARCH_PATHS = (
					"$(inherited)",
					"@executable_path/Frameworks",
					"@loader_path/Frameworks",
				);
				PRODUCT_BUNDLE_IDENTIFIER = com.dePrada.FirebaseAppTests;
				PRODUCT_NAME = "$(TARGET_NAME)";
				SWIFT_VERSION = 5.0;
				TARGETED_DEVICE_FAMILY = "1,2";
				TEST_HOST = "$(BUILT_PRODUCTS_DIR)/FirebaseApp.app/FirebaseApp";
			};
			name = Release;
		};
		2F60F68A25B6019E005796CE /* Debug */ = {
			isa = XCBuildConfiguration;
			buildSettings = {
				ALWAYS_EMBED_SWIFT_STANDARD_LIBRARIES = YES;
				CODE_SIGN_STYLE = Automatic;
				INFOPLIST_FILE = FirebaseAppUITests/Info.plist;
				LD_RUNPATH_SEARCH_PATHS = (
					"$(inherited)",
					"@executable_path/Frameworks",
					"@loader_path/Frameworks",
				);
				PRODUCT_BUNDLE_IDENTIFIER = com.dePrada.FirebaseAppUITests;
				PRODUCT_NAME = "$(TARGET_NAME)";
				SWIFT_VERSION = 5.0;
				TARGETED_DEVICE_FAMILY = "1,2";
				TEST_TARGET_NAME = FirebaseApp;
			};
			name = Debug;
		};
		2F60F68B25B6019E005796CE /* Release */ = {
			isa = XCBuildConfiguration;
			buildSettings = {
				ALWAYS_EMBED_SWIFT_STANDARD_LIBRARIES = YES;
				CODE_SIGN_STYLE = Automatic;
				INFOPLIST_FILE = FirebaseAppUITests/Info.plist;
				LD_RUNPATH_SEARCH_PATHS = (
					"$(inherited)",
					"@executable_path/Frameworks",
					"@loader_path/Frameworks",
				);
				PRODUCT_BUNDLE_IDENTIFIER = com.dePrada.FirebaseAppUITests;
				PRODUCT_NAME = "$(TARGET_NAME)";
				SWIFT_VERSION = 5.0;
				TARGETED_DEVICE_FAMILY = "1,2";
				TEST_TARGET_NAME = FirebaseApp;
			};
			name = Release;
		};
/* End XCBuildConfiguration section */

/* Begin XCConfigurationList section */
		2F60F65425B6019C005796CE /* Build configuration list for PBXProject "FirebaseApp" */ = {
			isa = XCConfigurationList;
			buildConfigurations = (
				2F60F68125B6019E005796CE /* Debug */,
				2F60F68225B6019E005796CE /* Release */,
			);
			defaultConfigurationIsVisible = 0;
			defaultConfigurationName = Release;
		};
		2F60F68325B6019E005796CE /* Build configuration list for PBXNativeTarget "FirebaseApp" */ = {
			isa = XCConfigurationList;
			buildConfigurations = (
				2F60F68425B6019E005796CE /* Debug */,
				2F60F68525B6019E005796CE /* Release */,
			);
			defaultConfigurationIsVisible = 0;
			defaultConfigurationName = Release;
		};
		2F60F68625B6019E005796CE /* Build configuration list for PBXNativeTarget "FirebaseAppTests" */ = {
			isa = XCConfigurationList;
			buildConfigurations = (
				2F60F68725B6019E005796CE /* Debug */,
				2F60F68825B6019E005796CE /* Release */,
			);
			defaultConfigurationIsVisible = 0;
			defaultConfigurationName = Release;
		};
		2F60F68925B6019E005796CE /* Build configuration list for PBXNativeTarget "FirebaseAppUITests" */ = {
			isa = XCConfigurationList;
			buildConfigurations = (
				2F60F68A25B6019E005796CE /* Debug */,
				2F60F68B25B6019E005796CE /* Release */,
			);
			defaultConfigurationIsVisible = 0;
			defaultConfigurationName = Release;
		};
/* End XCConfigurationList section */
	};
	rootObject = 2F60F65125B6019C005796CE /* Project object */;
}
